
Microsoft Visual Studio Solution File, Format Version 12.00
# Visual Studio Version 17
VisualStudioVersion = 17.14.36518.9 d17.14
MinimumVisualStudioVersion = 10.0.40219.1
Project("{FAE04EC0-301F-11D3-BF4B-00C04F79EFBC}") = "KriptolojiOdev", "KriptolojiOdev\KriptolojiOdev.csproj", "{A9CF7E88-C953-441D-8377-648D5F47F5A2}"
EndProject
Global
	GlobalSection(SolutionConfigurationPlatforms) = preSolution
		Debug|Any CPU = Debug|Any CPU
		Release|Any CPU = Release|Any CPU
	EndGlobalSection
	GlobalSection(ProjectConfigurationPlatforms) = postSolution
		{A9CF7E88-C953-441D-8377-648D5F47F5A2}.Debug|Any CPU.ActiveCfg = Debug|Any CPU
		{A9CF7E88-C953-441D-8377-648D5F47F5A2}.Debug|Any CPU.Build.0 = Debug|Any CPU
		{A9CF7E88-C953-441D-8377-648D5F47F5A2}.Release|Any CPU.ActiveCfg = Release|Any CPU
		{A9CF7E88-C953-441D-8377-648D5F47F5A2}.Release|Any CPU.Build.0 = Release|Any CPU
	EndGlobalSection
	GlobalSection(SolutionProperties) = preSolution
		HideSolutionNode = FALSE
	EndGlobalSection
	GlobalSection(ExtensibilityGlobals) = postSolution
		SolutionGuid = {8BE757B8-C6BA-41A4-88BA-20ABBD40883B}
	EndGlobalSection
EndGlobal
